Microsoft Visual Studio Solution File, Format Version 11.00
# Visual Studio 2010
Project("{FAE04EC0-301F-11D3-BF4B-00C04F79EFBC}") = "IQMap", "IQMap\IQMap.csproj", "{46BA553D-E1B5-4D83-A5B3-5A51AD28AA42}"
EndProject
Project("{FAE04EC0-301F-11D3-BF4B-00C04F79EFBC}") = "IQMap.Tests", "IQMap.Tests\IQMap.Tests.csproj", "{9CACD3BC-743B-41A0-AE4A-12E50B204608}"
EndProject
Global
	GlobalSection(SubversionScc) = preSolution
		Svn-Managed = True
		Manager = AnkhSVN - Subversion Support for Visual Studio
	EndGlobalSection
	GlobalSection(TestCaseManagementSettings) = postSolution
		CategoryFile = IQMap.vsmdi
	EndGlobalSection
	GlobalSection(SolutionConfigurationPlatforms) = preSolution
		Debug|Any CPU = Debug|Any CPU
		Release|Any CPU = Release|Any CPU
	EndGlobalSection
	GlobalSection(ProjectConfigurationPlatforms) = postSolution
		{46BA553D-E1B5-4D83-A5B3-5A51AD28AA42}.Debug|Any CPU.ActiveCfg = Debug|Any CPU
		{46BA553D-E1B5-4D83-A5B3-5A51AD28AA42}.Debug|Any CPU.Build.0 = Debug|Any CPU
		{46BA553D-E1B5-4D83-A5B3-5A51AD28AA42}.Release|Any CPU.ActiveCfg = Release|Any CPU
		{46BA553D-E1B5-4D83-A5B3-5A51AD28AA42}.Release|Any CPU.Build.0 = Release|Any CPU
		{9CACD3BC-743B-41A0-AE4A-12E50B204608}.Debug|Any CPU.ActiveCfg = Debug|Any CPU
		{9CACD3BC-743B-41A0-AE4A-12E50B204608}.Debug|Any CPU.Build.0 = Debug|Any CPU
		{9CACD3BC-743B-41A0-AE4A-12E50B204608}.Release|Any CPU.ActiveCfg = Release|Any CPU
		{9CACD3BC-743B-41A0-AE4A-12E50B204608}.Release|Any CPU.Build.0 = Release|Any CPU
	EndGlobalSection
	GlobalSection(SolutionProperties) = preSolution
		HideSolutionNode = FALSE
	EndGlobalSection
EndGlobal
